
Microsoft Visual Studio Solution File, Format Version 12.00
# Visual Studio Version 17
VisualStudioVersion = 17.0.31903.59
MinimumVisualStudioVersion = 10.0.40219.1
Project("{FAE04EC0-301F-11D3-BF4B-00C04F79EFBC}") = "EmpresaDeCadeteria", "EmpresaDeCadeteria\EmpresaDeCadeteria.csproj", "{D5B69A26-AB95-4A9F-A183-52EB1FC2AB27}"
EndProject
Project("{FAE04EC0-301F-11D3-BF4B-00C04F79EFBC}") = "InterfazCadeteria", "InterfazCadeteria\InterfazCadeteria.csproj", "{688FD8A8-2E0D-4A24-8C81-FDAF340713DA}"
EndProject
Global
	GlobalSection(SolutionConfigurationPlatforms) = preSolution
		Debug|Any CPU = Debug|Any CPU
		Release|Any CPU = Release|Any CPU
	EndGlobalSection
	GlobalSection(SolutionProperties) = preSolution
		HideSolutionNode = FALSE
	EndGlobalSection
	GlobalSection(ProjectConfigurationPlatforms) = postSolution
		{D5B69A26-AB95-4A9F-A183-52EB1FC2AB27}.Debug|Any CPU.ActiveCfg = Debug|Any CPU
		{D5B69A26-AB95-4A9F-A183-52EB1FC2AB27}.Debug|Any CPU.Build.0 = Debug|Any CPU
		{D5B69A26-AB95-4A9F-A183-52EB1FC2AB27}.Release|Any CPU.ActiveCfg = Release|Any CPU
		{D5B69A26-AB95-4A9F-A183-52EB1FC2AB27}.Release|Any CPU.Build.0 = Release|Any CPU
		{688FD8A8-2E0D-4A24-8C81-FDAF340713DA}.Debug|Any CPU.ActiveCfg = Debug|Any CPU
		{688FD8A8-2E0D-4A24-8C81-FDAF340713DA}.Debug|Any CPU.Build.0 = Debug|Any CPU
		{688FD8A8-2E0D-4A24-8C81-FDAF340713DA}.Release|Any CPU.ActiveCfg = Release|Any CPU
		{688FD8A8-2E0D-4A24-8C81-FDAF340713DA}.Release|Any CPU.Build.0 = Release|Any CPU
	EndGlobalSection
EndGlobal
